<?xml version="1.0" encoding="utf-8"?>
<Project ToolsVersion="4.0" xmlns="http://schemas.microsoft.com/developer/msbuild/2003">
  <ItemGroup>
    <Filter Include="Source Files">
      <UniqueIdentifier>{4FC737F1-C7A5-4376-A066-2A32D752A2FF}</UniqueIdentifier>
      <Extensions>cpp;c;cc;cxx;def;odl;idl;hpj;bat;asm;asmx</Extensions>
    </Filter>
    <Filter Include="Header Files">
      <UniqueIdentifier>{93995380-89BD-4b04-88EB-625FBE52EBFB}</UniqueIdentifier>
      <Extensions>h;hh;hpp;hxx;hm;inl;inc;xsd</Extensions>
    </Filter>
    <Filter Include="Resource Files">
      <UniqueIdentifier>{67DA6AB6-F800-4c08-8B7A-83BB121AAD01}</UniqueIdentifier>
      <Extensions>rc;ico;cur;bmp;dlg;rc2;rct;bin;rgs;gif;jpg;jpeg;jpe;resx;tiff;tif;png;wav;mfcribbon-ms</Extensions>
    </Filter>
    <Filter Include="Core Types">
      <UniqueIdentifier>{e33420ad-2969-4c6e-b4d1-affe42be6ea2}</UniqueIdentifier>
    </Filter>
    <Filter Include="Models">
      <UniqueIdentifier>{cfa3213e-5022-401e-a283-f8c3b15b7cce}</UniqueIdentifier>
    </Filter>
    <Filter Include="Shaders">
      <UniqueIdentifier>{d43c93de-892e-4d32-957d-433ddc7c05be}</UniqueIdentifier>
    </Filter>
    <Filter Include="DirectX Classes">
      <UniqueIdentifier>{10c99398-fb8c-4383-af2f-9ff79d8ce476}</UniqueIdentifier>
    </Filter>
    <Filter Include="DirectX Classes\DirectXTK">
      <UniqueIdentifier>{d31b680f-188e-492a-91ab-f3b78b19d598}</UniqueIdentifier>
    </Filter>
    <Filter Include="DirectX Classes\DirectX Helper Classes">
      <UniqueIdentifier>{ae2de2d3-a5ed-4551-ab77-e5e4584e78e7}</UniqueIdentifier>
    </Filter>
    <Filter Include="DirectX Classes\Vertex Models">
      <UniqueIdentifier>{a0199037-c95f-4e03-999e-cd28cba66b7a}</UniqueIdentifier>
    </Filter>
  </ItemGroup>
  <ItemGroup>
    <ClInclude Include="Source\stdafx.h">
      <Filter>Header Files</Filter>
    </ClInclude>
    <ClInclude Include="Source\targetver.h">
      <Filter>Header Files</Filter>
    </ClInclude>
    <ClInclude Include="Source\GUClock.h">
      <Filter>Core Types</Filter>
    </ClInclude>
    <ClInclude Include="Source\GUMemory.h">
      <Filter>Core Types</Filter>
    </ClInclude>
    <ClInclude Include="Source\GUObject.h">
      <Filter>Core Types</Filter>
    </ClInclude>
    <ClInclude Include="Libs\DirectXTK\DDSTextureLoader.h">
      <Filter>DirectX Classes\DirectXTK</Filter>
    </ClInclude>
    <ClInclude Include="Libs\DirectXTK\WICTextureLoader.h">
      <Filter>DirectX Classes\DirectXTK</Filter>
    </ClInclude>
    <ClInclude Include="Source\DXController.h">
      <Filter>DirectX Classes</Filter>
    </ClInclude>
    <ClInclude Include="Source\DXSystem.h">
      <Filter>DirectX Classes\DirectX Helper Classes</Filter>
    </ClInclude>
    <ClInclude Include="Source\DXVertexExt.h">
      <Filter>DirectX Classes\Vertex Models</Filter>
    </ClInclude>
    <ClInclude Include="Source\DXVertexBasic.h">
      <Filter>DirectX Classes\Vertex Models</Filter>
    </ClInclude>
    <ClInclude Include="Source\GUConsole.h">
      <Filter>Core Types</Filter>
    </ClInclude>
    <ClInclude Include="Source\Triangle.h">
      <Filter>Models</Filter>
    </ClInclude>
    <ClInclude Include="Source\Box.h">
      <Filter>Models</Filter>
    </ClInclude>
    <ClInclude Include="Source\DXModel.h">
      <Filter>Models</Filter>
    </ClInclude>
    <ClInclude Include="Source\DXBaseModel.h">
      <Filter>Models</Filter>
    </ClInclude>
    <ClInclude Include="Source\Ocean.h">
      <Filter>Models</Filter>
    </ClInclude>
    <ClInclude Include="Source\LookAtCamera.h">
      <Filter>Models</Filter>
    </ClInclude>
    <ClInclude Include="Source\Grid.h">
      <Filter>Models</Filter>
    </ClInclude>
    <ClInclude Include="Source\DXVertexParticle.h">
      <Filter>DirectX Classes\Vertex Models</Filter>
    </ClInclude>
    <ClInclude Include="Source\Particles.h">
      <Filter>Models</Filter>
    </ClInclude>
  </ItemGroup>
  <ItemGroup>
    <ClCompile Include="Source\stdafx.cpp">
      <Filter>Source Files</Filter>
    </ClCompile>
    <ClCompile Include="Source\main.cpp">
      <Filter>Source Files</Filter>
    </ClCompile>
    <ClCompile Include="Source\GUClock.cpp">
      <Filter>Core Types</Filter>
    </ClCompile>
    <ClCompile Include="Source\GUMemory.cpp">
      <Filter>Core Types</Filter>
    </ClCompile>
    <ClCompile Include="Source\GUObject.cpp">
      <Filter>Core Types</Filter>
    </ClCompile>
    <ClCompile Include="Source\DXController.cpp">
      <Filter>DirectX Classes</Filter>
    </ClCompile>
    <ClCompile Include="Source\DXSystem.cpp">
      <Filter>DirectX Classes\DirectX Helper Classes</Filter>
    </ClCompile>
    <ClCompile Include="Source\DXVertexExt.cpp">
      <Filter>DirectX Classes\Vertex Models</Filter>
    </ClCompile>
    <ClCompile Include="Source\DXVertexBasic.cpp">
      <Filter>DirectX Classes\Vertex Models</Filter>
    </ClCompile>
    <ClCompile Include="Source\GUConsole.cpp">
      <Filter>Core Types</Filter>
    </ClCompile>
    <ClCompile Include="Source\Triangle.cpp">
      <Filter>Models</Filter>
    </ClCompile>
    <ClCompile Include="Source\Box.cpp">
      <Filter>Models</Filter>
    </ClCompile>
    <ClCompile Include="Source\DXModel.cpp">
      <Filter>Models</Filter>
    </ClCompile>
    <ClCompile Include="Source\DXBaseModel.cpp">
      <Filter>Models</Filter>
    </ClCompile>
    <ClCompile Include="Source\Ocean.cpp">
      <Filter>Models</Filter>
    </ClCompile>
    <ClCompile Include="Source\Grid.cpp">
      <Filter>Models</Filter>
    </ClCompile>
    <ClCompile Include="Source\DXVertexParticle.cpp">
      <Filter>DirectX Classes\Vertex Models</Filter>
    </ClCompile>
    <ClCompile Include="Source\Particles.cpp">
      <Filter>Models</Filter>
    </ClCompile>
  </ItemGroup>
  <ItemGroup>
    <FxCompile Include="Shaders\hlsl\basic_colour_ps.hlsl">
      <Filter>Shaders</Filter>
    </FxCompile>
    <FxCompile Include="Shaders\hlsl\basic_colour_vs.hlsl">
      <Filter>Shaders</Filter>
    </FxCompile>
    <FxCompile Include="Shaders\hlsl\sky_box_ps.hlsl">
      <Filter>Shaders</Filter>
    </FxCompile>
    <FxCompile Include="Shaders\hlsl\sky_box_vs.hlsl">
      <Filter>Shaders</Filter>
    </FxCompile>
    <FxCompile Include="Shaders\hlsl\per_pixel_lighting_ps.hlsl">
      <Filter>Shaders</Filter>
    </FxCompile>
    <FxCompile Include="Shaders\hlsl\per_pixel_lighting_vs.hlsl">
      <Filter>Shaders</Filter>
    </FxCompile>
    <FxCompile Include="Shaders\hlsl\reflection_map_ps.hlsl">
      <Filter>Shaders</Filter>
    </FxCompile>
    <FxCompile Include="Shaders\hlsl\reflection_map_vs.hlsl">
      <Filter>Shaders</Filter>
    </FxCompile>
    <FxCompile Include="Shaders\hlsl\ocean_ps.hlsl">
      <Filter>Shaders</Filter>
    </FxCompile>
    <FxCompile Include="Shaders\hlsl\ocean_vs.hlsl">
      <Filter>Shaders</Filter>
    </FxCompile>
    <FxCompile Include="Shaders\hlsl\tree_vs.hlsl">
      <Filter>Shaders</Filter>
    </FxCompile>
    <FxCompile Include="Shaders\hlsl\tree_ps.hlsl">
      <Filter>Shaders</Filter>
    </FxCompile>
    <FxCompile Include="Shaders\hlsl\grass_ps.hlsl">
      <Filter>Shaders</Filter>
    </FxCompile>
    <FxCompile Include="Shaders\hlsl\grass_vs.hlsl">
      <Filter>Shaders</Filter>
    </FxCompile>
  </ItemGroup>
</Project>